<Solution>
  <Configurations>
    <BuildType Name="Debug" />
    <BuildType Name="Release" />
    <Platform Name="x64" />
  </Configurations>
  <Folder Name="/src/">
    <Project Path="src/FlowRate.Core/FlowRate.Core.csproj" />
    <Project Path="src/FlowRate/FlowRate.csproj">
      <Platform Solution="*|x64" Project="x64" />
    </Project>
  </Folder>
  <Folder Name="/tests/">
    <Project Path="tests/FlowRate.Core.Tests/FlowRate.Core.Tests.csproj" />
  </Folder>
</Solution>